
Microsoft Visual Studio Solution File, Format Version 12.00
# Visual Studio Version 16
VisualStudioVersion = 16.0.31624.102
MinimumVisualStudioVersion = 10.0.40219.1
Project("{FAE04EC0-301F-11D3-BF4B-00C04F79EFBC}") = "TestWeek8.Core", "TestWeek8.Core\TestWeek8.Core.csproj", "{78C55B30-F87B-425B-BE27-CF20D389DDBD}"
EndProject
Project("{FAE04EC0-301F-11D3-BF4B-00C04F79EFBC}") = "TestWeek8.EF", "TestWeek8.EF\TestWeek8.EF.csproj", "{91570F94-019B-47DE-A304-A9EA66F2FE3D}"
EndProject
Project("{FAE04EC0-301F-11D3-BF4B-00C04F79EFBC}") = "TestWeek8.MVC", "TestWeek8.MVC\TestWeek8.MVC.csproj", "{5A7AEE61-B930-4D32-9B0D-DD9E8083C867}"
EndProject
Global
	GlobalSection(SolutionConfigurationPlatforms) = preSolution
		Debug|Any CPU = Debug|Any CPU
		Release|Any CPU = Release|Any CPU
	EndGlobalSection
	GlobalSection(ProjectConfigurationPlatforms) = postSolution
		{78C55B30-F87B-425B-BE27-CF20D389DDBD}.Debug|Any CPU.ActiveCfg = Debug|Any CPU
		{78C55B30-F87B-425B-BE27-CF20D389DDBD}.Debug|Any CPU.Build.0 = Debug|Any CPU
		{78C55B30-F87B-425B-BE27-CF20D389DDBD}.Release|Any CPU.ActiveCfg = Release|Any CPU
		{78C55B30-F87B-425B-BE27-CF20D389DDBD}.Release|Any CPU.Build.0 = Release|Any CPU
		{91570F94-019B-47DE-A304-A9EA66F2FE3D}.Debug|Any CPU.ActiveCfg = Debug|Any CPU
		{91570F94-019B-47DE-A304-A9EA66F2FE3D}.Debug|Any CPU.Build.0 = Debug|Any CPU
		{91570F94-019B-47DE-A304-A9EA66F2FE3D}.Release|Any CPU.ActiveCfg = Release|Any CPU
		{91570F94-019B-47DE-A304-A9EA66F2FE3D}.Release|Any CPU.Build.0 = Release|Any CPU
		{5A7AEE61-B930-4D32-9B0D-DD9E8083C867}.Debug|Any CPU.ActiveCfg = Debug|Any CPU
		{5A7AEE61-B930-4D32-9B0D-DD9E8083C867}.Debug|Any CPU.Build.0 = Debug|Any CPU
		{5A7AEE61-B930-4D32-9B0D-DD9E8083C867}.Release|Any CPU.ActiveCfg = Release|Any CPU
		{5A7AEE61-B930-4D32-9B0D-DD9E8083C867}.Release|Any CPU.Build.0 = Release|Any CPU
	EndGlobalSection
	GlobalSection(SolutionProperties) = preSolution
		HideSolutionNode = FALSE
	EndGlobalSection
	GlobalSection(ExtensibilityGlobals) = postSolution
		SolutionGuid = {18FAEB5D-F145-4C03-9277-3CF88324C7B3}
	EndGlobalSection
EndGlobal
